
Microsoft Visual Studio Solution File, Format Version 12.00
# Visual Studio Version 16
VisualStudioVersion = 16.0.30711.63
MinimumVisualStudioVersion = 10.0.40219.1
Project("{9A19103F-16F7-4668-BE54-9A1E7A4F7556}") = "CommandLine", "CommandLine\CommandLine.csproj", "{763EFD7A-24D4-45F9-99ED-DF8194BB5D82}"
EndProject
Project("{FAE04EC0-301F-11D3-BF4B-00C04F79EFBC}") = "Extractor", "Extractor\Extractor.csproj", "{72DA63C2-20C1-4896-BCCC-7FD24D5111E3}"
EndProject
Global
	GlobalSection(SolutionConfigurationPlatforms) = preSolution
		Debug|Any CPU = Debug|Any CPU
		Release|Any CPU = Release|Any CPU
	EndGlobalSection
	GlobalSection(ProjectConfigurationPlatforms) = postSolution
		{763EFD7A-24D4-45F9-99ED-DF8194BB5D82}.Debug|Any CPU.ActiveCfg = Debug|Any CPU
		{763EFD7A-24D4-45F9-99ED-DF8194BB5D82}.Debug|Any CPU.Build.0 = Debug|Any CPU
		{763EFD7A-24D4-45F9-99ED-DF8194BB5D82}.Release|Any CPU.ActiveCfg = Release|Any CPU
		{763EFD7A-24D4-45F9-99ED-DF8194BB5D82}.Release|Any CPU.Build.0 = Release|Any CPU
		{72DA63C2-20C1-4896-BCCC-7FD24D5111E3}.Debug|Any CPU.ActiveCfg = Debug|Any CPU
		{72DA63C2-20C1-4896-BCCC-7FD24D5111E3}.Debug|Any CPU.Build.0 = Debug|Any CPU
		{72DA63C2-20C1-4896-BCCC-7FD24D5111E3}.Release|Any CPU.ActiveCfg = Release|Any CPU
		{72DA63C2-20C1-4896-BCCC-7FD24D5111E3}.Release|Any CPU.Build.0 = Release|Any CPU
	EndGlobalSection
	GlobalSection(SolutionProperties) = preSolution
		HideSolutionNode = FALSE
	EndGlobalSection
	GlobalSection(ExtensibilityGlobals) = postSolution
		SolutionGuid = {93B73134-7D7A-4827-B143-86A1A364DD80}
	EndGlobalSection
EndGlobal
